{
    "name": "forex-scraper",
    "version": "1.0.0",
    "lockfileVersion": 3,
    "requires": true,
    "packages": {
        "": {
            "name": "forex-scraper",
            "version": "1.0.0",
            "license": "MIT",
            "dependencies": {
                "dialog": "^0.3.1"
            }
        },
        "node_modules/dialog": {
            "version": "0.3.1",
            "resolved": "https://registry.npmjs.org/dialog/-/dialog-0.3.1.tgz",
            "integrity": "sha512-RYndSaXW/tYkfVbUKmyQzerHH080Pis7YabDxIHXRdYO6yo9/VqTIhPRB5RpoHwYlixeiUOvJCF7di+lmBaH6w==",
            "bin": {
                "show_dialog": "bin/dialog.js"
            },
            "engines": {
                "node": "*"
            }
        }
    }
}
