{
    "name": "forex-scraper",
    "version": "1.0.0",
    "lockfileVersion": 3,
    "requires": true,
    "packages": {
        "": {
            "name": "forex-scraper",
            "version": "1.0.0",
            "license": "MIT",
            "dependencies": {
                "dialog": "^0.3.1",
                "dotenv": "^16.4.5"
            }
        },
        "node_modules/dialog": {
            "version": "0.3.1",
            "resolved": "https://registry.npmjs.org/dialog/-/dialog-0.3.1.tgz",
            "integrity": "sha512-RYndSaXW/tYkfVbUKmyQzerHH080Pis7YabDxIHXRdYO6yo9/VqTIhPRB5RpoHwYlixeiUOvJCF7di+lmBaH6w==",
            "bin": {
                "show_dialog": "bin/dialog.js"
            },
            "engines": {
                "node": "*"
            }
        },
        "node_modules/dotenv": {
            "version": "16.4.5",
            "resolved": "https://registry.npmjs.org/dotenv/-/dotenv-16.4.5.tgz",
            "integrity": "sha512-ZmdL2rui+eB2YwhsWzjInR8LldtZHGDoQ1ugH85ppHKwpUHL7j7rN0Ti9NCnGiQbhaZ11FpR+7ao1dNsmduNUg==",
            "engines": {
                "node": ">=12"
            },
            "funding": {
                "url": "https://dotenvx.com"
            }
        }
    }
}
